
Microsoft Visual Studio Solution File, Format Version 12.00
# Visual Studio Version 17
VisualStudioVersion = 17.0.31903.59
MinimumVisualStudioVersion = 10.0.40219.1
Project("{9A19103F-16F7-4668-BE54-9A1E7A4F7556}") = "Paint", "Paint\Paint.csproj", "{7268F0E6-3270-4B08-B31E-C32CD8D2F6CA}"
EndProject
Project("{9A19103F-16F7-4668-BE54-9A1E7A4F7556}") = "PluginContract", "PluginContract\PluginContract.csproj", "{50FAB8E4-87BC-48F0-AFB5-A4252D570236}"
EndProject
Project("{FAE04EC0-301F-11D3-BF4B-00C04F79EFBC}") = "BRControl", "BRControl\BRControl.csproj", "{ADB76C8E-AF0D-4770-A0EE-FC0A19542E10}"
EndProject
Global
	GlobalSection(SolutionConfigurationPlatforms) = preSolution
		Debug|Any CPU = Debug|Any CPU
		Release|Any CPU = Release|Any CPU
	EndGlobalSection
	GlobalSection(ProjectConfigurationPlatforms) = postSolution
		{7268F0E6-3270-4B08-B31E-C32CD8D2F6CA}.Debug|Any CPU.ActiveCfg = Debug|Any CPU
		{7268F0E6-3270-4B08-B31E-C32CD8D2F6CA}.Debug|Any CPU.Build.0 = Debug|Any CPU
		{7268F0E6-3270-4B08-B31E-C32CD8D2F6CA}.Release|Any CPU.ActiveCfg = Release|Any CPU
		{7268F0E6-3270-4B08-B31E-C32CD8D2F6CA}.Release|Any CPU.Build.0 = Release|Any CPU
		{50FAB8E4-87BC-48F0-AFB5-A4252D570236}.Debug|Any CPU.ActiveCfg = Debug|Any CPU
		{50FAB8E4-87BC-48F0-AFB5-A4252D570236}.Debug|Any CPU.Build.0 = Debug|Any CPU
		{50FAB8E4-87BC-48F0-AFB5-A4252D570236}.Release|Any CPU.ActiveCfg = Release|Any CPU
		{50FAB8E4-87BC-48F0-AFB5-A4252D570236}.Release|Any CPU.Build.0 = Release|Any CPU
		{ADB76C8E-AF0D-4770-A0EE-FC0A19542E10}.Debug|Any CPU.ActiveCfg = Debug|Any CPU
		{ADB76C8E-AF0D-4770-A0EE-FC0A19542E10}.Debug|Any CPU.Build.0 = Debug|Any CPU
		{ADB76C8E-AF0D-4770-A0EE-FC0A19542E10}.Release|Any CPU.ActiveCfg = Release|Any CPU
		{ADB76C8E-AF0D-4770-A0EE-FC0A19542E10}.Release|Any CPU.Build.0 = Release|Any CPU
	EndGlobalSection
	GlobalSection(SolutionProperties) = preSolution
		HideSolutionNode = FALSE
	EndGlobalSection
	GlobalSection(ExtensibilityGlobals) = postSolution
		SolutionGuid = {78D4F15B-77F0-4B1D-8650-7B69CE41F319}
	EndGlobalSection
EndGlobal
